
Microsoft Visual Studio Solution File, Format Version 12.00
# Visual Studio Version 16
VisualStudioVersion = 16.0.31129.286
MinimumVisualStudioVersion = 10.0.40219.1
Project("{8BC9CEB8-8B4A-11D0-8D11-00A0C91BC942}") = "Diamond Printing Program", "Diamond Printing Program\Diamond Printing Program.vcxproj", "{AC86B9D7-6C0E-4023-A7FD-E287A75350D3}"
EndProject
Global
	GlobalSection(SolutionConfigurationPlatforms) = preSolution
		Debug|x64 = Debug|x64
		Debug|x86 = Debug|x86
		Release|x64 = Release|x64
		Release|x86 = Release|x86
	EndGlobalSection
	GlobalSection(ProjectConfigurationPlatforms) = postSolution
		{AC86B9D7-6C0E-4023-A7FD-E287A75350D3}.Debug|x64.ActiveCfg = Debug|x64
		{AC86B9D7-6C0E-4023-A7FD-E287A75350D3}.Debug|x64.Build.0 = Debug|x64
		{AC86B9D7-6C0E-4023-A7FD-E287A75350D3}.Debug|x86.ActiveCfg = Debug|Win32
		{AC86B9D7-6C0E-4023-A7FD-E287A75350D3}.Debug|x86.Build.0 = Debug|Win32
		{AC86B9D7-6C0E-4023-A7FD-E287A75350D3}.Release|x64.ActiveCfg = Release|x64
		{AC86B9D7-6C0E-4023-A7FD-E287A75350D3}.Release|x64.Build.0 = Release|x64
		{AC86B9D7-6C0E-4023-A7FD-E287A75350D3}.Release|x86.ActiveCfg = Release|Win32
		{AC86B9D7-6C0E-4023-A7FD-E287A75350D3}.Release|x86.Build.0 = Release|Win32
	EndGlobalSection
	GlobalSection(SolutionProperties) = preSolution
		HideSolutionNode = FALSE
	EndGlobalSection
	GlobalSection(ExtensibilityGlobals) = postSolution
		SolutionGuid = {398387A6-5A75-4728-8DEE-81C7BD6A84C3}
	EndGlobalSection
EndGlobal
